
Microsoft Visual Studio Solution File, Format Version 12.00
# Visual Studio Version 17
VisualStudioVersion = 17.3.32929.385
MinimumVisualStudioVersion = 10.0.40219.1
Project("{FAE04EC0-301F-11D3-BF4B-00C04F79EFBC}") = "Lesson13", "Lesson13\Lesson13.csproj", "{66B7A0AA-1367-4276-83C8-19B407BB624D}"
EndProject
Project("{FAE04EC0-301F-11D3-BF4B-00C04F79EFBC}") = "Lesson13.2", "Lesson13.2\Lesson13.2.csproj", "{F779DA25-473C-4F29-9EBF-EF9B11406577}"
EndProject
Project("{FAE04EC0-301F-11D3-BF4B-00C04F79EFBC}") = "Lesson13.3", "Lesson13.3\Lesson13.3.csproj", "{D96DCA3D-B5BA-49F9-B15D-B0F5DE2EC6D6}"
EndProject
Project("{FAE04EC0-301F-11D3-BF4B-00C04F79EFBC}") = "Lesson13.4", "Lesson13.4\Lesson13.4.csproj", "{AC838F6D-CB35-4637-A3E2-7C63DB72B37A}"
EndProject
Project("{FAE04EC0-301F-11D3-BF4B-00C04F79EFBC}") = "Lesson13.5", "Lesson13.5\Lesson13.5.csproj", "{F51F1541-C2C4-40FF-86DA-4C8742AEC1CA}"
EndProject
Global
	GlobalSection(SolutionConfigurationPlatforms) = preSolution
		Debug|Any CPU = Debug|Any CPU
		Release|Any CPU = Release|Any CPU
	EndGlobalSection
	GlobalSection(ProjectConfigurationPlatforms) = postSolution
		{66B7A0AA-1367-4276-83C8-19B407BB624D}.Debug|Any CPU.ActiveCfg = Debug|Any CPU
		{66B7A0AA-1367-4276-83C8-19B407BB624D}.Debug|Any CPU.Build.0 = Debug|Any CPU
		{66B7A0AA-1367-4276-83C8-19B407BB624D}.Release|Any CPU.ActiveCfg = Release|Any CPU
		{66B7A0AA-1367-4276-83C8-19B407BB624D}.Release|Any CPU.Build.0 = Release|Any CPU
		{F779DA25-473C-4F29-9EBF-EF9B11406577}.Debug|Any CPU.ActiveCfg = Debug|Any CPU
		{F779DA25-473C-4F29-9EBF-EF9B11406577}.Debug|Any CPU.Build.0 = Debug|Any CPU
		{F779DA25-473C-4F29-9EBF-EF9B11406577}.Release|Any CPU.ActiveCfg = Release|Any CPU
		{F779DA25-473C-4F29-9EBF-EF9B11406577}.Release|Any CPU.Build.0 = Release|Any CPU
		{D96DCA3D-B5BA-49F9-B15D-B0F5DE2EC6D6}.Debug|Any CPU.ActiveCfg = Debug|Any CPU
		{D96DCA3D-B5BA-49F9-B15D-B0F5DE2EC6D6}.Debug|Any CPU.Build.0 = Debug|Any CPU
		{D96DCA3D-B5BA-49F9-B15D-B0F5DE2EC6D6}.Release|Any CPU.ActiveCfg = Release|Any CPU
		{D96DCA3D-B5BA-49F9-B15D-B0F5DE2EC6D6}.Release|Any CPU.Build.0 = Release|Any CPU
		{AC838F6D-CB35-4637-A3E2-7C63DB72B37A}.Debug|Any CPU.ActiveCfg = Debug|Any CPU
		{AC838F6D-CB35-4637-A3E2-7C63DB72B37A}.Debug|Any CPU.Build.0 = Debug|Any CPU
		{AC838F6D-CB35-4637-A3E2-7C63DB72B37A}.Release|Any CPU.ActiveCfg = Release|Any CPU
		{AC838F6D-CB35-4637-A3E2-7C63DB72B37A}.Release|Any CPU.Build.0 = Release|Any CPU
		{F51F1541-C2C4-40FF-86DA-4C8742AEC1CA}.Debug|Any CPU.ActiveCfg = Debug|Any CPU
		{F51F1541-C2C4-40FF-86DA-4C8742AEC1CA}.Debug|Any CPU.Build.0 = Debug|Any CPU
		{F51F1541-C2C4-40FF-86DA-4C8742AEC1CA}.Release|Any CPU.ActiveCfg = Release|Any CPU
		{F51F1541-C2C4-40FF-86DA-4C8742AEC1CA}.Release|Any CPU.Build.0 = Release|Any CPU
	EndGlobalSection
	GlobalSection(SolutionProperties) = preSolution
		HideSolutionNode = FALSE
	EndGlobalSection
	GlobalSection(ExtensibilityGlobals) = postSolution
		SolutionGuid = {A03A0EE3-6C94-4409-A3F3-B8C0DA48FB39}
	EndGlobalSection
EndGlobal
